
Microsoft Visual Studio Solution File, Format Version 11.00
# Visual Studio 2010
Project("{FAE04EC0-301F-11D3-BF4B-00C04F79EFBC}") = "Assembly-CSharp-firstpass", "Assembly-CSharp-firstpass.csproj", "{BCD33BB0-8283-6B50-6ECB-21991A2A2C9F}"
EndProject
Project("{FAE04EC0-301F-11D3-BF4B-00C04F79EFBC}") = "Assembly-CSharp", "Assembly-CSharp.csproj", "{8B6BB0B8-5C44-7380-00F6-EC2FD271FB82}"
EndProject
Project("{FAE04EC0-301F-11D3-BF4B-00C04F79EFBC}") = "Assembly-CSharp-Editor-firstpass", "Assembly-CSharp-Editor-firstpass.csproj", "{6A477EC8-C80A-197A-5B3A-E29410D9AC3B}"
EndProject
Project("{FAE04EC0-301F-11D3-BF4B-00C04F79EFBC}") = "Assembly-CSharp-Editor", "Assembly-CSharp-Editor.csproj", "{C8B525F9-6604-2CB0-CF23-A6BBBF351F9E}"
EndProject
Global
	GlobalSection(SolutionConfigurationPlatforms) = preSolution
		Debug|Any CPU = Debug|Any CPU
		Release|Any CPU = Release|Any CPU
	EndGlobalSection
	GlobalSection(ProjectConfigurationPlatforms) = postSolution
		{BCD33BB0-8283-6B50-6ECB-21991A2A2C9F}.Debug|Any CPU.ActiveCfg = Debug|Any CPU
		{BCD33BB0-8283-6B50-6ECB-21991A2A2C9F}.Debug|Any CPU.Build.0 = Debug|Any CPU
		{BCD33BB0-8283-6B50-6ECB-21991A2A2C9F}.Release|Any CPU.ActiveCfg = Release|Any CPU
		{BCD33BB0-8283-6B50-6ECB-21991A2A2C9F}.Release|Any CPU.Build.0 = Release|Any CPU
		{8B6BB0B8-5C44-7380-00F6-EC2FD271FB82}.Debug|Any CPU.ActiveCfg = Debug|Any CPU
		{8B6BB0B8-5C44-7380-00F6-EC2FD271FB82}.Debug|Any CPU.Build.0 = Debug|Any CPU
		{8B6BB0B8-5C44-7380-00F6-EC2FD271FB82}.Release|Any CPU.ActiveCfg = Release|Any CPU
		{8B6BB0B8-5C44-7380-00F6-EC2FD271FB82}.Release|Any CPU.Build.0 = Release|Any CPU
		{6A477EC8-C80A-197A-5B3A-E29410D9AC3B}.Debug|Any CPU.ActiveCfg = Debug|Any CPU
		{6A477EC8-C80A-197A-5B3A-E29410D9AC3B}.Debug|Any CPU.Build.0 = Debug|Any CPU
		{6A477EC8-C80A-197A-5B3A-E29410D9AC3B}.Release|Any CPU.ActiveCfg = Release|Any CPU
		{6A477EC8-C80A-197A-5B3A-E29410D9AC3B}.Release|Any CPU.Build.0 = Release|Any CPU
		{C8B525F9-6604-2CB0-CF23-A6BBBF351F9E}.Debug|Any CPU.ActiveCfg = Debug|Any CPU
		{C8B525F9-6604-2CB0-CF23-A6BBBF351F9E}.Debug|Any CPU.Build.0 = Debug|Any CPU
		{C8B525F9-6604-2CB0-CF23-A6BBBF351F9E}.Release|Any CPU.ActiveCfg = Release|Any CPU
		{C8B525F9-6604-2CB0-CF23-A6BBBF351F9E}.Release|Any CPU.Build.0 = Release|Any CPU
	EndGlobalSection
	GlobalSection(SolutionProperties) = preSolution
		HideSolutionNode = FALSE
	EndGlobalSection
EndGlobal
